
Microsoft Visual Studio Solution File, Format Version 12.00
# Visual Studio Express 2013 for Windows Desktop
VisualStudioVersion = 12.0.20827.3
MinimumVisualStudioVersion = 10.0.40219.1
Project("{FAE04EC0-301F-11D3-BF4B-00C04F79EFBC}") = "NumeronAI", "NumeronAI\NumeronAI.csproj", "{2DEEEB51-34F0-4C19-9841-F2026BFB0657}"
EndProject
Project("{FAE04EC0-301F-11D3-BF4B-00C04F79EFBC}") = "UnitTestNumeron", "UnitTestNumeron\UnitTestNumeron.csproj", "{49D9D870-E7CA-45EC-A34F-46377508BAF8}"
EndProject
Global
	GlobalSection(SolutionConfigurationPlatforms) = preSolution
		Debug|Any CPU = Debug|Any CPU
		Release|Any CPU = Release|Any CPU
	EndGlobalSection
	GlobalSection(ProjectConfigurationPlatforms) = postSolution
		{2DEEEB51-34F0-4C19-9841-F2026BFB0657}.Debug|Any CPU.ActiveCfg = Debug|Any CPU
		{2DEEEB51-34F0-4C19-9841-F2026BFB0657}.Debug|Any CPU.Build.0 = Debug|Any CPU
		{2DEEEB51-34F0-4C19-9841-F2026BFB0657}.Release|Any CPU.ActiveCfg = Release|Any CPU
		{2DEEEB51-34F0-4C19-9841-F2026BFB0657}.Release|Any CPU.Build.0 = Release|Any CPU
		{49D9D870-E7CA-45EC-A34F-46377508BAF8}.Debug|Any CPU.ActiveCfg = Debug|Any CPU
		{49D9D870-E7CA-45EC-A34F-46377508BAF8}.Debug|Any CPU.Build.0 = Debug|Any CPU
		{49D9D870-E7CA-45EC-A34F-46377508BAF8}.Release|Any CPU.ActiveCfg = Release|Any CPU
		{49D9D870-E7CA-45EC-A34F-46377508BAF8}.Release|Any CPU.Build.0 = Release|Any CPU
	EndGlobalSection
	GlobalSection(SolutionProperties) = preSolution
		HideSolutionNode = FALSE
	EndGlobalSection
EndGlobal
